
Microsoft Visual Studio Solution File, Format Version 12.00
# Visual Studio Version 16
VisualStudioVersion = 16.0.30621.155
MinimumVisualStudioVersion = 10.0.40219.1
Project("{FAE04EC0-301F-11D3-BF4B-00C04F79EFBC}") = "5951071099_TranDinhThao", "5951071099_TranDinhThao\5951071099_TranDinhThao.csproj", "{D0D45E30-7D20-45E4-8F10-2DF7C2C66E4B}"
EndProject
Global
	GlobalSection(SolutionConfigurationPlatforms) = preSolution
		Debug|Any CPU = Debug|Any CPU
		Release|Any CPU = Release|Any CPU
	EndGlobalSection
	GlobalSection(ProjectConfigurationPlatforms) = postSolution
		{D0D45E30-7D20-45E4-8F10-2DF7C2C66E4B}.Debug|Any CPU.ActiveCfg = Debug|Any CPU
		{D0D45E30-7D20-45E4-8F10-2DF7C2C66E4B}.Debug|Any CPU.Build.0 = Debug|Any CPU
		{D0D45E30-7D20-45E4-8F10-2DF7C2C66E4B}.Release|Any CPU.ActiveCfg = Release|Any CPU
		{D0D45E30-7D20-45E4-8F10-2DF7C2C66E4B}.Release|Any CPU.Build.0 = Release|Any CPU
	EndGlobalSection
	GlobalSection(SolutionProperties) = preSolution
		HideSolutionNode = FALSE
	EndGlobalSection
	GlobalSection(ExtensibilityGlobals) = postSolution
		SolutionGuid = {1FABA8E6-DFCF-46A7-9286-C0C5CA5F3D52}
	EndGlobalSection
EndGlobal
